PODS:
  - FMDB (2.6):
    - FMDB/standard (= 2.6)
  - FMDB/standard (2.6)
  - LIHLogManager (0.1.1):
    - FMDB

DEPENDENCIES:
  - LIHLogManager (from `../`)

EXTERNAL SOURCES:
  LIHLogManager:
    :path: ../

SPEC CHECKSUMS:
  FMDB: c1968bab3ab0aed38f66cb778ae1e7fa9a652b6e
  LIHLogManager: b64424d9f079cb01839bc3bf5a3f82c1904a9b41

COCOAPODS: 0.39.0
