PODS:
  - FMDB (2.6):
    - FMDB/standard (= 2.6)
  - FMDB/standard (2.6)
  - LIHLogManager (0.1.0):
    - FMDB

DEPENDENCIES:
  - LIHLogManager (from `../`)

EXTERNAL SOURCES:
  LIHLogManager:
    :path: ../

SPEC CHECKSUMS:
  FMDB: c1968bab3ab0aed38f66cb778ae1e7fa9a652b6e
  LIHLogManager: 561adda94e047509ae7a9ebc36664b8250d00da0

COCOAPODS: 0.39.0
